
Microsoft Visual Studio Solution File, Format Version 12.00
# Visual Studio Version 17
VisualStudioVersion = 17.4.33205.214
MinimumVisualStudioVersion = 10.0.40219.1
Project("{2150E333-8FDC-42A3-9474-1A3956D46DE8}") = "Services", "Services", "{F00113F3-08C6-4741-BFED-B8BD3C0161C7}"
EndProject
Project("{2150E333-8FDC-42A3-9474-1A3956D46DE8}") = "Catalog", "Catalog", "{D62FB5F3-69D9-4141-83FB-99C88F3C338C}"
EndProject
Project("{FAE04EC0-301F-11D3-BF4B-00C04F79EFBC}") = "Catalog.API", "Services\Catalog\Catalog.API\Catalog.API.csproj", "{85EB6040-F5FE-47E0-BFC0-7F41F8E0390F}"
EndProject
Global
	GlobalSection(SolutionConfigurationPlatforms) = preSolution
		Debug|Any CPU = Debug|Any CPU
		Release|Any CPU = Release|Any CPU
	EndGlobalSection
	GlobalSection(ProjectConfigurationPlatforms) = postSolution
		{85EB6040-F5FE-47E0-BFC0-7F41F8E0390F}.Debug|Any CPU.ActiveCfg = Debug|Any CPU
		{85EB6040-F5FE-47E0-BFC0-7F41F8E0390F}.Debug|Any CPU.Build.0 = Debug|Any CPU
		{85EB6040-F5FE-47E0-BFC0-7F41F8E0390F}.Release|Any CPU.ActiveCfg = Release|Any CPU
		{85EB6040-F5FE-47E0-BFC0-7F41F8E0390F}.Release|Any CPU.Build.0 = Release|Any CPU
	EndGlobalSection
	GlobalSection(SolutionProperties) = preSolution
		HideSolutionNode = FALSE
	EndGlobalSection
	GlobalSection(NestedProjects) = preSolution
		{D62FB5F3-69D9-4141-83FB-99C88F3C338C} = {F00113F3-08C6-4741-BFED-B8BD3C0161C7}
		{85EB6040-F5FE-47E0-BFC0-7F41F8E0390F} = {D62FB5F3-69D9-4141-83FB-99C88F3C338C}
	EndGlobalSection
	GlobalSection(ExtensibilityGlobals) = postSolution
		SolutionGuid = {ABF00736-0AFD-43F9-9686-55682929A534}
	EndGlobalSection
EndGlobal
